
Microsoft Visual Studio Solution File, Format Version 12.00
# Visual Studio 15
VisualStudioVersion = 15.0.26124.0
MinimumVisualStudioVersion = 15.0.26124.0
Project("{2150E333-8FDC-42A3-9474-1A3956D46DE8}") = "src", "src", "{41C6D76D-FE25-4628-976F-18C4ED2DE9C8}"
EndProject
Project("{FAE04EC0-301F-11D3-BF4B-00C04F79EFBC}") = "RestApis.HelloWorld", "src\RestApis.HelloWorld\RestApis.HelloWorld.csproj", "{EC1E824E-E32A-4C42-9580-A61A70DFA2F3}"
EndProject
Project("{2150E333-8FDC-42A3-9474-1A3956D46DE8}") = "test", "test", "{B5777607-1A0C-4821-810A-F6D048904C05}"
EndProject
Project("{FAE04EC0-301F-11D3-BF4B-00C04F79EFBC}") = "RestApis.Tests.HelloWorld", "test\RestApis.Tests.HelloWorld\RestApis.Tests.HelloWorld.csproj", "{51958C82-F715-41F9-A573-9ED2E9892F63}"
EndProject
Global
	GlobalSection(SolutionConfigurationPlatforms) = preSolution
		Debug|Any CPU = Debug|Any CPU
		Debug|x64 = Debug|x64
		Debug|x86 = Debug|x86
		Release|Any CPU = Release|Any CPU
		Release|x64 = Release|x64
		Release|x86 = Release|x86
	EndGlobalSection
	GlobalSection(SolutionProperties) = preSolution
		HideSolutionNode = FALSE
	EndGlobalSection
	GlobalSection(ProjectConfigurationPlatforms) = postSolution
		{EC1E824E-E32A-4C42-9580-A61A70DFA2F3}.Debug|Any CPU.ActiveCfg = Debug|Any CPU
		{EC1E824E-E32A-4C42-9580-A61A70DFA2F3}.Debug|Any CPU.Build.0 = Debug|Any CPU
		{EC1E824E-E32A-4C42-9580-A61A70DFA2F3}.Debug|x64.ActiveCfg = Debug|Any CPU
		{EC1E824E-E32A-4C42-9580-A61A70DFA2F3}.Debug|x64.Build.0 = Debug|Any CPU
		{EC1E824E-E32A-4C42-9580-A61A70DFA2F3}.Debug|x86.ActiveCfg = Debug|Any CPU
		{EC1E824E-E32A-4C42-9580-A61A70DFA2F3}.Debug|x86.Build.0 = Debug|Any CPU
		{EC1E824E-E32A-4C42-9580-A61A70DFA2F3}.Release|Any CPU.ActiveCfg = Release|Any CPU
		{EC1E824E-E32A-4C42-9580-A61A70DFA2F3}.Release|Any CPU.Build.0 = Release|Any CPU
		{EC1E824E-E32A-4C42-9580-A61A70DFA2F3}.Release|x64.ActiveCfg = Release|Any CPU
		{EC1E824E-E32A-4C42-9580-A61A70DFA2F3}.Release|x64.Build.0 = Release|Any CPU
		{EC1E824E-E32A-4C42-9580-A61A70DFA2F3}.Release|x86.ActiveCfg = Release|Any CPU
		{EC1E824E-E32A-4C42-9580-A61A70DFA2F3}.Release|x86.Build.0 = Release|Any CPU
		{51958C82-F715-41F9-A573-9ED2E9892F63}.Debug|Any CPU.ActiveCfg = Debug|Any CPU
		{51958C82-F715-41F9-A573-9ED2E9892F63}.Debug|Any CPU.Build.0 = Debug|Any CPU
		{51958C82-F715-41F9-A573-9ED2E9892F63}.Debug|x64.ActiveCfg = Debug|Any CPU
		{51958C82-F715-41F9-A573-9ED2E9892F63}.Debug|x64.Build.0 = Debug|Any CPU
		{51958C82-F715-41F9-A573-9ED2E9892F63}.Debug|x86.ActiveCfg = Debug|Any CPU
		{51958C82-F715-41F9-A573-9ED2E9892F63}.Debug|x86.Build.0 = Debug|Any CPU
		{51958C82-F715-41F9-A573-9ED2E9892F63}.Release|Any CPU.ActiveCfg = Release|Any CPU
		{51958C82-F715-41F9-A573-9ED2E9892F63}.Release|Any CPU.Build.0 = Release|Any CPU
		{51958C82-F715-41F9-A573-9ED2E9892F63}.Release|x64.ActiveCfg = Release|Any CPU
		{51958C82-F715-41F9-A573-9ED2E9892F63}.Release|x64.Build.0 = Release|Any CPU
		{51958C82-F715-41F9-A573-9ED2E9892F63}.Release|x86.ActiveCfg = Release|Any CPU
		{51958C82-F715-41F9-A573-9ED2E9892F63}.Release|x86.Build.0 = Release|Any CPU
	EndGlobalSection
	GlobalSection(NestedProjects) = preSolution
		{EC1E824E-E32A-4C42-9580-A61A70DFA2F3} = {41C6D76D-FE25-4628-976F-18C4ED2DE9C8}
		{51958C82-F715-41F9-A573-9ED2E9892F63} = {B5777607-1A0C-4821-810A-F6D048904C05}
	EndGlobalSection
EndGlobal
