
Microsoft Visual Studio Solution File, Format Version 12.00
# Visual Studio 15
VisualStudioVersion = 15.0.26124.0
MinimumVisualStudioVersion = 15.0.26124.0
Project("{2150E333-8FDC-42A3-9474-1A3956D46DE8}") = "src", "src", "{D53793D2-DD3E-4B90-A396-706A4911D100}"
EndProject
Project("{FAE04EC0-301F-11D3-BF4B-00C04F79EFBC}") = "E2E.HelloWorld", "src\E2E.HelloWorld\E2E.HelloWorld.csproj", "{9746EA72-0E00-476C-A1BF-A383DE6654A6}"
EndProject
Global
	GlobalSection(SolutionConfigurationPlatforms) = preSolution
		Debug|Any CPU = Debug|Any CPU
		Debug|x64 = Debug|x64
		Debug|x86 = Debug|x86
		Release|Any CPU = Release|Any CPU
		Release|x64 = Release|x64
		Release|x86 = Release|x86
	EndGlobalSection
	GlobalSection(SolutionProperties) = preSolution
		HideSolutionNode = FALSE
	EndGlobalSection
	GlobalSection(ProjectConfigurationPlatforms) = postSolution
		{9746EA72-0E00-476C-A1BF-A383DE6654A6}.Debug|Any CPU.ActiveCfg = Debug|Any CPU
		{9746EA72-0E00-476C-A1BF-A383DE6654A6}.Debug|Any CPU.Build.0 = Debug|Any CPU
		{9746EA72-0E00-476C-A1BF-A383DE6654A6}.Debug|x64.ActiveCfg = Debug|Any CPU
		{9746EA72-0E00-476C-A1BF-A383DE6654A6}.Debug|x64.Build.0 = Debug|Any CPU
		{9746EA72-0E00-476C-A1BF-A383DE6654A6}.Debug|x86.ActiveCfg = Debug|Any CPU
		{9746EA72-0E00-476C-A1BF-A383DE6654A6}.Debug|x86.Build.0 = Debug|Any CPU
		{9746EA72-0E00-476C-A1BF-A383DE6654A6}.Release|Any CPU.ActiveCfg = Release|Any CPU
		{9746EA72-0E00-476C-A1BF-A383DE6654A6}.Release|Any CPU.Build.0 = Release|Any CPU
		{9746EA72-0E00-476C-A1BF-A383DE6654A6}.Release|x64.ActiveCfg = Release|Any CPU
		{9746EA72-0E00-476C-A1BF-A383DE6654A6}.Release|x64.Build.0 = Release|Any CPU
		{9746EA72-0E00-476C-A1BF-A383DE6654A6}.Release|x86.ActiveCfg = Release|Any CPU
		{9746EA72-0E00-476C-A1BF-A383DE6654A6}.Release|x86.Build.0 = Release|Any CPU
	EndGlobalSection
	GlobalSection(NestedProjects) = preSolution
		{9746EA72-0E00-476C-A1BF-A383DE6654A6} = {D53793D2-DD3E-4B90-A396-706A4911D100}
	EndGlobalSection
EndGlobal
