
Microsoft Visual Studio Solution File, Format Version 12.00
# Visual Studio 15
VisualStudioVersion = 15.0.26124.0
MinimumVisualStudioVersion = 15.0.26124.0
Project("{2150E333-8FDC-42A3-9474-1A3956D46DE8}") = "src", "src", "{70EA234D-0386-4006-9917-62F472773181}"
EndProject
Project("{FAE04EC0-301F-11D3-BF4B-00C04F79EFBC}") = "Controller.Api", "src\Controller.Api\Controller.Api.csproj", "{78281BAC-FF29-43A4-9968-5FB688C89709}"
EndProject
Project("{FAE04EC0-301F-11D3-BF4B-00C04F79EFBC}") = "Controller", "src\Controller\Controller.csproj", "{2CFD9FDC-D370-462F-AA34-CBD35EDD1727}"
EndProject
Project("{FAE04EC0-301F-11D3-BF4B-00C04F79EFBC}") = "Client.Util", "src\Client.Util\Client.Util.csproj", "{B4D707C8-52A5-444A-9209-9CC2BD2E2661}"
EndProject
Project("{FAE04EC0-301F-11D3-BF4B-00C04F79EFBC}") = "Controller.Http", "src\Controller.Http\Controller.Http.csproj", "{A359EE58-C820-4487-A75B-3EDAD2AA03D3}"
EndProject
Global
	GlobalSection(SolutionConfigurationPlatforms) = preSolution
		Debug|Any CPU = Debug|Any CPU
		Debug|x64 = Debug|x64
		Debug|x86 = Debug|x86
		Release|Any CPU = Release|Any CPU
		Release|x64 = Release|x64
		Release|x86 = Release|x86
	EndGlobalSection
	GlobalSection(SolutionProperties) = preSolution
		HideSolutionNode = FALSE
	EndGlobalSection
	GlobalSection(ProjectConfigurationPlatforms) = postSolution
		{78281BAC-FF29-43A4-9968-5FB688C89709}.Debug|Any CPU.ActiveCfg = Debug|Any CPU
		{78281BAC-FF29-43A4-9968-5FB688C89709}.Debug|Any CPU.Build.0 = Debug|Any CPU
		{78281BAC-FF29-43A4-9968-5FB688C89709}.Debug|x64.ActiveCfg = Debug|Any CPU
		{78281BAC-FF29-43A4-9968-5FB688C89709}.Debug|x64.Build.0 = Debug|Any CPU
		{78281BAC-FF29-43A4-9968-5FB688C89709}.Debug|x86.ActiveCfg = Debug|Any CPU
		{78281BAC-FF29-43A4-9968-5FB688C89709}.Debug|x86.Build.0 = Debug|Any CPU
		{78281BAC-FF29-43A4-9968-5FB688C89709}.Release|Any CPU.ActiveCfg = Release|Any CPU
		{78281BAC-FF29-43A4-9968-5FB688C89709}.Release|Any CPU.Build.0 = Release|Any CPU
		{78281BAC-FF29-43A4-9968-5FB688C89709}.Release|x64.ActiveCfg = Release|Any CPU
		{78281BAC-FF29-43A4-9968-5FB688C89709}.Release|x64.Build.0 = Release|Any CPU
		{78281BAC-FF29-43A4-9968-5FB688C89709}.Release|x86.ActiveCfg = Release|Any CPU
		{78281BAC-FF29-43A4-9968-5FB688C89709}.Release|x86.Build.0 = Release|Any CPU
		{2CFD9FDC-D370-462F-AA34-CBD35EDD1727}.Debug|Any CPU.ActiveCfg = Debug|Any CPU
		{2CFD9FDC-D370-462F-AA34-CBD35EDD1727}.Debug|Any CPU.Build.0 = Debug|Any CPU
		{2CFD9FDC-D370-462F-AA34-CBD35EDD1727}.Debug|x64.ActiveCfg = Debug|Any CPU
		{2CFD9FDC-D370-462F-AA34-CBD35EDD1727}.Debug|x64.Build.0 = Debug|Any CPU
		{2CFD9FDC-D370-462F-AA34-CBD35EDD1727}.Debug|x86.ActiveCfg = Debug|Any CPU
		{2CFD9FDC-D370-462F-AA34-CBD35EDD1727}.Debug|x86.Build.0 = Debug|Any CPU
		{2CFD9FDC-D370-462F-AA34-CBD35EDD1727}.Release|Any CPU.ActiveCfg = Release|Any CPU
		{2CFD9FDC-D370-462F-AA34-CBD35EDD1727}.Release|Any CPU.Build.0 = Release|Any CPU
		{2CFD9FDC-D370-462F-AA34-CBD35EDD1727}.Release|x64.ActiveCfg = Release|Any CPU
		{2CFD9FDC-D370-462F-AA34-CBD35EDD1727}.Release|x64.Build.0 = Release|Any CPU
		{2CFD9FDC-D370-462F-AA34-CBD35EDD1727}.Release|x86.ActiveCfg = Release|Any CPU
		{2CFD9FDC-D370-462F-AA34-CBD35EDD1727}.Release|x86.Build.0 = Release|Any CPU
		{B4D707C8-52A5-444A-9209-9CC2BD2E2661}.Debug|Any CPU.ActiveCfg = Debug|Any CPU
		{B4D707C8-52A5-444A-9209-9CC2BD2E2661}.Debug|Any CPU.Build.0 = Debug|Any CPU
		{B4D707C8-52A5-444A-9209-9CC2BD2E2661}.Debug|x64.ActiveCfg = Debug|Any CPU
		{B4D707C8-52A5-444A-9209-9CC2BD2E2661}.Debug|x64.Build.0 = Debug|Any CPU
		{B4D707C8-52A5-444A-9209-9CC2BD2E2661}.Debug|x86.ActiveCfg = Debug|Any CPU
		{B4D707C8-52A5-444A-9209-9CC2BD2E2661}.Debug|x86.Build.0 = Debug|Any CPU
		{B4D707C8-52A5-444A-9209-9CC2BD2E2661}.Release|Any CPU.ActiveCfg = Release|Any CPU
		{B4D707C8-52A5-444A-9209-9CC2BD2E2661}.Release|Any CPU.Build.0 = Release|Any CPU
		{B4D707C8-52A5-444A-9209-9CC2BD2E2661}.Release|x64.ActiveCfg = Release|Any CPU
		{B4D707C8-52A5-444A-9209-9CC2BD2E2661}.Release|x64.Build.0 = Release|Any CPU
		{B4D707C8-52A5-444A-9209-9CC2BD2E2661}.Release|x86.ActiveCfg = Release|Any CPU
		{B4D707C8-52A5-444A-9209-9CC2BD2E2661}.Release|x86.Build.0 = Release|Any CPU
		{A359EE58-C820-4487-A75B-3EDAD2AA03D3}.Debug|Any CPU.ActiveCfg = Debug|Any CPU
		{A359EE58-C820-4487-A75B-3EDAD2AA03D3}.Debug|Any CPU.Build.0 = Debug|Any CPU
		{A359EE58-C820-4487-A75B-3EDAD2AA03D3}.Debug|x64.ActiveCfg = Debug|Any CPU
		{A359EE58-C820-4487-A75B-3EDAD2AA03D3}.Debug|x64.Build.0 = Debug|Any CPU
		{A359EE58-C820-4487-A75B-3EDAD2AA03D3}.Debug|x86.ActiveCfg = Debug|Any CPU
		{A359EE58-C820-4487-A75B-3EDAD2AA03D3}.Debug|x86.Build.0 = Debug|Any CPU
		{A359EE58-C820-4487-A75B-3EDAD2AA03D3}.Release|Any CPU.ActiveCfg = Release|Any CPU
		{A359EE58-C820-4487-A75B-3EDAD2AA03D3}.Release|Any CPU.Build.0 = Release|Any CPU
		{A359EE58-C820-4487-A75B-3EDAD2AA03D3}.Release|x64.ActiveCfg = Release|Any CPU
		{A359EE58-C820-4487-A75B-3EDAD2AA03D3}.Release|x64.Build.0 = Release|Any CPU
		{A359EE58-C820-4487-A75B-3EDAD2AA03D3}.Release|x86.ActiveCfg = Release|Any CPU
		{A359EE58-C820-4487-A75B-3EDAD2AA03D3}.Release|x86.Build.0 = Release|Any CPU
	EndGlobalSection
	GlobalSection(NestedProjects) = preSolution
		{78281BAC-FF29-43A4-9968-5FB688C89709} = {70EA234D-0386-4006-9917-62F472773181}
		{2CFD9FDC-D370-462F-AA34-CBD35EDD1727} = {70EA234D-0386-4006-9917-62F472773181}
		{B4D707C8-52A5-444A-9209-9CC2BD2E2661} = {70EA234D-0386-4006-9917-62F472773181}
		{A359EE58-C820-4487-A75B-3EDAD2AA03D3} = {70EA234D-0386-4006-9917-62F472773181}
	EndGlobalSection
EndGlobal
